// !$*UTF8*$!
{
	archiveVersion = 1;
	classes = {
	};
	objectVersion = 48;
	objects = {

/* Begin PBXBuildFile section */
		2C00615121FC964500BC9733 /* AppDelegate.swift in Sources */ = {isa = PBXBuildFile; fileRef = 2C00615021FC964500BC9733 /* AppDelegate.swift */; };
		2C00615321FC964500BC9733 /* AuthenticationVC.swift in Sources */ = {isa = PBXBuildFile; fileRef = 2C00615221FC964500BC9733 /* AuthenticationVC.swift */; };
		2C00615821FC964500BC9733 /* Main.storyboard in Resources */ = {isa = PBXBuildFile; fileRef = 2C00615621FC964500BC9733 /* Main.storyboard */; };
		2C00615A21FC964500BC9733 /* Assets.xcassets in Resources */ = {isa = PBXBuildFile; fileRef = 2C00615921FC964500BC9733 /* Assets.xcassets */; };
		2C00615D21FC964500BC9733 /* LaunchScreen.storyboard in Resources */ = {isa = PBXBuildFile; fileRef = 2C00615B21FC964500BC9733 /* LaunchScreen.storyboard */; };
		2C3C2691222C62C800625CDD /* imageUploader.swift in Sources */ = {isa = PBXBuildFile; fileRef = 2C3C2690222C62C800625CDD /* imageUploader.swift */; };
		2C8BFD80222587A6005F4FFC /* ArticleVC.swift in Sources */ = {isa = PBXBuildFile; fileRef = 2C8BFD7F222587A6005F4FFC /* ArticleVC.swift */; };
		2C94E6BA22243DDE006C2F6C /* articleParser.swift in Sources */ = {isa = PBXBuildFile; fileRef = 2C94E6B922243DDE006C2F6C /* articleParser.swift */; };
		2CE2231921FCEC1400BB240D /* CellWithImage.swift in Sources */ = {isa = PBXBuildFile; fileRef = 2CE2231821FCEC1400BB240D /* CellWithImage.swift */; };
		2CE2231F21FCF1F100BB240D /* ArticleListVC.swift in Sources */ = {isa = PBXBuildFile; fileRef = 2CE2231E21FCF1F100BB240D /* ArticleListVC.swift */; };
		3E692DA49C4079CC05AB569B /* Pods_D09.framework in Frameworks */ = {isa = PBXBuildFile; fileRef = 016F69B572E868EDD2D3F3A8 /* Pods_D09.framework */; };
		7D1D8668222F122B00199104 /* Cell.swift in Sources */ = {isa = PBXBuildFile; fileRef = 7D1D8667222F122B00199104 /* Cell.swift */; };
		7D1D866A222F1ADC00199104 /* Extensions.swift in Sources */ = {isa = PBXBuildFile; fileRef = 7D1D8669222F1ADC00199104 /* Extensions.swift */; };
/* End PBXBuildFile section */

/* Begin PBXFileReference section */
		016F69B572E868EDD2D3F3A8 /* Pods_D09.framework */ = {isa = PBXFileReference; explicitFileType = wrapper.framework; includeInIndex = 0; path = Pods_D09.framework; sourceTree = BUILT_PRODUCTS_DIR; };
		2C00614D21FC964500BC9733 /* D09.app */ = {isa = PBXFileReference; explicitFileType = wrapper.application; includeInIndex = 0; path = D09.app; sourceTree = BUILT_PRODUCTS_DIR; };
		2C00615021FC964500BC9733 /* AppDelegate.swift */ = {isa = PBXFileReference; lastKnownFileType = sourcecode.swift; path = AppDelegate.swift; sourceTree = "<group>"; };
		2C00615221FC964500BC9733 /* AuthenticationVC.swift */ = {isa = PBXFileReference; lastKnownFileType = sourcecode.swift; path = AuthenticationVC.swift; sourceTree = "<group>"; };
		2C00615721FC964500BC9733 /* Base */ = {isa = PBXFileReference; lastKnownFileType = file.storyboard; name = Base; path = Base.lproj/Main.storyboard; sourceTree = "<group>"; };
		2C00615921FC964500BC9733 /* Assets.xcassets */ = {isa = PBXFileReference; lastKnownFileType = folder.assetcatalog; path = Assets.xcassets; sourceTree = "<group>"; };
		2C00615C21FC964500BC9733 /* Base */ = {isa = PBXFileReference; lastKnownFileType = file.storyboard; name = Base; path = Base.lproj/LaunchScreen.storyboard; sourceTree = "<group>"; };
		2C00615E21FC964500BC9733 /* Info.plist */ = {isa = PBXFileReference; lastKnownFileType = text.plist.xml; path = Info.plist; sourceTree = "<group>"; };
		2C3C2690222C62C800625CDD /* imageUploader.swift */ = {isa = PBXFileReference; lastKnownFileType = sourcecode.swift; path = imageUploader.swift; sourceTree = "<group>"; };
		2C8BFD7F222587A6005F4FFC /* ArticleVC.swift */ = {isa = PBXFileReference; lastKnownFileType = sourcecode.swift; path = ArticleVC.swift; sourceTree = "<group>"; };
		2C94E6B922243DDE006C2F6C /* articleParser.swift */ = {isa = PBXFileReference; lastKnownFileType = sourcecode.swift; path = articleParser.swift; sourceTree = "<group>"; };
		2CE2231821FCEC1400BB240D /* CellWithImage.swift */ = {isa = PBXFileReference; lastKnownFileType = sourcecode.swift; path = CellWithImage.swift; sourceTree = "<group>"; };
		2CE2231E21FCF1F100BB240D /* ArticleListVC.swift */ = {isa = PBXFileReference; lastKnownFileType = sourcecode.swift; path = ArticleListVC.swift; sourceTree = "<group>"; };
		60B579C9ACF954899B7C2671 /* Pods-D09.release.xcconfig */ = {isa = PBXFileReference; includeInIndex = 1; lastKnownFileType = text.xcconfig; name = "Pods-D09.release.xcconfig"; path = "Pods/Target Support Files/Pods-D09/Pods-D09.release.xcconfig"; sourceTree = "<group>"; };
		7D1D8667222F122B00199104 /* Cell.swift */ = {isa = PBXFileReference; lastKnownFileType = sourcecode.swift; path = Cell.swift; sourceTree = "<group>"; };
		7D1D8669222F1ADC00199104 /* Extensions.swift */ = {isa = PBXFileReference; lastKnownFileType = sourcecode.swift; path = Extensions.swift; sourceTree = "<group>"; };
		9020E7BC183B26C390148735 /* Pods-D09.debug.xcconfig */ = {isa = PBXFileReference; includeInIndex = 1; lastKnownFileType = text.xcconfig; name = "Pods-D09.debug.xcconfig"; path = "Pods/Target Support Files/Pods-D09/Pods-D09.debug.xcconfig"; sourceTree = "<group>"; };
/* End PBXFileReference section */

/* Begin PBXFrameworksBuildPhase section */
		2C00614A21FC964500BC9733 /* Frameworks */ = {
			isa = PBXFrameworksBuildPhase;
			buildActionMask = 2147483647;
			files = (
				3E692DA49C4079CC05AB569B /* Pods_D09.framework in Frameworks */,
			);
			runOnlyForDeploymentPostprocessing = 0;
		};
/* End PBXFrameworksBuildPhase section */

/* Begin PBXGroup section */
		0FEDD13DA25659F1210E98A6 /* Pods */ = {
			isa = PBXGroup;
			children = (
				9020E7BC183B26C390148735 /* Pods-D09.debug.xcconfig */,
				60B579C9ACF954899B7C2671 /* Pods-D09.release.xcconfig */,
			);
			name = Pods;
			sourceTree = "<group>";
		};
		2C00614421FC964500BC9733 = {
			isa = PBXGroup;
			children = (
				2C00614F21FC964500BC9733 /* D09 */,
				2C00614E21FC964500BC9733 /* Products */,
				0FEDD13DA25659F1210E98A6 /* Pods */,
				96745087F662EEB5837258B5 /* Frameworks */,
			);
			sourceTree = "<group>";
		};
		2C00614E21FC964500BC9733 /* Products */ = {
			isa = PBXGroup;
			children = (
				2C00614D21FC964500BC9733 /* D09.app */,
			);
			name = Products;
			sourceTree = "<group>";
		};
		2C00614F21FC964500BC9733 /* D09 */ = {
			isa = PBXGroup;
			children = (
				2C00615021FC964500BC9733 /* AppDelegate.swift */,
				7D1D8669222F1ADC00199104 /* Extensions.swift */,
				2CC0863122243E0100066D5D /* Models */,
				2C94E6B722243DBA006C2F6C /* Controllers */,
				2C94E6B822243DC0006C2F6C /* Views */,
				2C00615621FC964500BC9733 /* Main.storyboard */,
				2C00615921FC964500BC9733 /* Assets.xcassets */,
				2C00615B21FC964500BC9733 /* LaunchScreen.storyboard */,
				2C00615E21FC964500BC9733 /* Info.plist */,
			);
			path = D09;
			sourceTree = "<group>";
		};
		2C94E6B722243DBA006C2F6C /* Controllers */ = {
			isa = PBXGroup;
			children = (
				2C00615221FC964500BC9733 /* AuthenticationVC.swift */,
				2CE2231E21FCF1F100BB240D /* ArticleListVC.swift */,
				2C8BFD7F222587A6005F4FFC /* ArticleVC.swift */,
			);
			path = Controllers;
			sourceTree = "<group>";
		};
		2C94E6B822243DC0006C2F6C /* Views */ = {
			isa = PBXGroup;
			children = (
				7D1D8667222F122B00199104 /* Cell.swift */,
				2CE2231821FCEC1400BB240D /* CellWithImage.swift */,
			);
			path = Views;
			sourceTree = "<group>";
		};
		2CC0863122243E0100066D5D /* Models */ = {
			isa = PBXGroup;
			children = (
				2C94E6B922243DDE006C2F6C /* articleParser.swift */,
				2C3C2690222C62C800625CDD /* imageUploader.swift */,
			);
			path = Models;
			sourceTree = "<group>";
		};
		96745087F662EEB5837258B5 /* Frameworks */ = {
			isa = PBXGroup;
			children = (
				016F69B572E868EDD2D3F3A8 /* Pods_D09.framework */,
			);
			name = Frameworks;
			sourceTree = "<group>";
		};
/* End PBXGroup section */

/* Begin PBXNativeTarget section */
		2C00614C21FC964500BC9733 /* D09 */ = {
			isa = PBXNativeTarget;
			buildConfigurationList = 2C00616121FC964500BC9733 /* Build configuration list for PBXNativeTarget "D09" */;
			buildPhases = (
				83E9B2D3D82DC9028B3F1619 /* [CP] Check Pods Manifest.lock */,
				2C00614921FC964500BC9733 /* Sources */,
				2C00614A21FC964500BC9733 /* Frameworks */,
				2C00614B21FC964500BC9733 /* Resources */,
				D7B72E62A81107CFE0840E01 /* [CP] Embed Pods Frameworks */,
			);
			buildRules = (
			);
			dependencies = (
			);
			name = D09;
			productName = D09;
			productReference = 2C00614D21FC964500BC9733 /* D09.app */;
			productType = "com.apple.product-type.application";
		};
/* End PBXNativeTarget section */

/* Begin PBXProject section */
		2C00614521FC964500BC9733 /* Project object */ = {
			isa = PBXProject;
			attributes = {
				LastSwiftUpdateCheck = 0920;
				LastUpgradeCheck = 1010;
				ORGANIZATIONNAME = "Alina FESYK";
				TargetAttributes = {
					2C00614C21FC964500BC9733 = {
						CreatedOnToolsVersion = 9.2;
						LastSwiftMigration = 1010;
						ProvisioningStyle = Automatic;
					};
				};
			};
			buildConfigurationList = 2C00614821FC964500BC9733 /* Build configuration list for PBXProject "D09" */;
			compatibilityVersion = "Xcode 8.0";
			developmentRegion = en;
			hasScannedForEncodings = 0;
			knownRegions = (
				en,
				Base,
			);
			mainGroup = 2C00614421FC964500BC9733;
			productRefGroup = 2C00614E21FC964500BC9733 /* Products */;
			projectDirPath = "";
			projectRoot = "";
			targets = (
				2C00614C21FC964500BC9733 /* D09 */,
			);
		};
/* End PBXProject section */

/* Begin PBXResourcesBuildPhase section */
		2C00614B21FC964500BC9733 /* Resources */ = {
			isa = PBXResourcesBuildPhase;
			buildActionMask = 2147483647;
			files = (
				2C00615D21FC964500BC9733 /* LaunchScreen.storyboard in Resources */,
				2C00615A21FC964500BC9733 /* Assets.xcassets in Resources */,
				2C00615821FC964500BC9733 /* Main.storyboard in Resources */,
			);
			runOnlyForDeploymentPostprocessing = 0;
		};
/* End PBXResourcesBuildPhase section */

/* Begin PBXShellScriptBuildPhase section */
		83E9B2D3D82DC9028B3F1619 /* [CP] Check Pods Manifest.lock */ = {
			isa = PBXShellScriptBuildPhase;
			buildActionMask = 2147483647;
			files = (
			);
			inputPaths = (
				"${PODS_PODFILE_DIR_PATH}/Podfile.lock",
				"${PODS_ROOT}/Manifest.lock",
			);
			name = "[CP] Check Pods Manifest.lock";
			outputPaths = (
				"$(DERIVED_FILE_DIR)/Pods-D09-checkManifestLockResult.txt",
			);
			runOnlyForDeploymentPostprocessing = 0;
			shellPath = /bin/sh;
			shellScript = "diff \"${PODS_PODFILE_DIR_PATH}/Podfile.lock\" \"${PODS_ROOT}/Manifest.lock\" > /dev/null\nif [ $? != 0 ] ; then\n    # print error to STDERR\n    echo \"error: The sandbox is not in sync with the Podfile.lock. Run 'pod install' or update your CocoaPods installation.\" >&2\n    exit 1\nfi\n# This output is used by Xcode 'outputs' to avoid re-running this script phase.\necho \"SUCCESS\" > \"${SCRIPT_OUTPUT_FILE_0}\"\n";
			showEnvVarsInLog = 0;
		};
		D7B72E62A81107CFE0840E01 /* [CP] Embed Pods Frameworks */ = {
			isa = PBXShellScriptBuildPhase;
			buildActionMask = 2147483647;
			files = (
			);
			inputPaths = (
				"${SRCROOT}/Pods/Target Support Files/Pods-D09/Pods-D09-frameworks.sh",
				"${BUILT_PRODUCTS_DIR}/afesyk2019/afesyk2019.framework",
			);
			name = "[CP] Embed Pods Frameworks";
			outputPaths = (
				"${TARGET_BUILD_DIR}/${FRAMEWORKS_FOLDER_PATH}/afesyk2019.framework",
			);
			runOnlyForDeploymentPostprocessing = 0;
			shellPath = /bin/sh;
			shellScript = "\"${SRCROOT}/Pods/Target Support Files/Pods-D09/Pods-D09-frameworks.sh\"\n";
			showEnvVarsInLog = 0;
		};
/* End PBXShellScriptBuildPhase section */

/* Begin PBXSourcesBuildPhase section */
		2C00614921FC964500BC9733 /* Sources */ = {
			isa = PBXSourcesBuildPhase;
			buildActionMask = 2147483647;
			files = (
				2C3C2691222C62C800625CDD /* imageUploader.swift in Sources */,
				7D1D866A222F1ADC00199104 /* Extensions.swift in Sources */,
				7D1D8668222F122B00199104 /* Cell.swift in Sources */,
				2CE2231921FCEC1400BB240D /* CellWithImage.swift in Sources */,
				2C8BFD80222587A6005F4FFC /* ArticleVC.swift in Sources */,
				2C00615121FC964500BC9733 /* AppDelegate.swift in Sources */,
				2C94E6BA22243DDE006C2F6C /* articleParser.swift in Sources */,
				2C00615321FC964500BC9733 /* AuthenticationVC.swift in Sources */,
				2CE2231F21FCF1F100BB240D /* ArticleListVC.swift in Sources */,
			);
			runOnlyForDeploymentPostprocessing = 0;
		};
/* End PBXSourcesBuildPhase section */

/* Begin PBXVariantGroup section */
		2C00615621FC964500BC9733 /* Main.storyboard */ = {
			isa = PBXVariantGroup;
			children = (
				2C00615721FC964500BC9733 /* Base */,
			);
			name = Main.storyboard;
			sourceTree = "<group>";
		};
		2C00615B21FC964500BC9733 /* LaunchScreen.storyboard */ = {
			isa = PBXVariantGroup;
			children = (
				2C00615C21FC964500BC9733 /* Base */,
			);
			name = LaunchScreen.storyboard;
			sourceTree = "<group>";
		};
/* End PBXVariantGroup section */

/* Begin XCBuildConfiguration section */
		2C00615F21FC964500BC9733 /* Debug */ = {
			isa = XCBuildConfiguration;
			buildSettings = {
				ALWAYS_SEARCH_USER_PATHS = NO;
				CLANG_ANALYZER_NONNULL = YES;
				CLANG_ANALYZER_NUMBER_OBJECT_CONVERSION = YES_AGGRESSIVE;
				CLANG_CXX_LANGUAGE_STANDARD = "gnu++14";
				CLANG_CXX_LIBRARY = "libc++";
				CLANG_ENABLE_MODULES = YES;
				CLANG_ENABLE_OBJC_ARC = YES;
				CLANG_WARN_BLOCK_CAPTURE_AUTORELEASING = YES;
				CLANG_WARN_BOOL_CONVERSION = YES;
				CLANG_WARN_COMMA = YES;
				CLANG_WARN_CONSTANT_CONVERSION = YES;
				CLANG_WARN_DEPRECATED_OBJC_IMPLEMENTATIONS = YES;
				CLANG_WARN_DIRECT_OBJC_ISA_USAGE = YES_ERROR;
				CLANG_WARN_DOCUMENTATION_COMMENTS = YES;
				CLANG_WARN_EMPTY_BODY = YES;
				CLANG_WARN_ENUM_CONVERSION = YES;
				CLANG_WARN_INFINITE_RECURSION = YES;
				CLANG_WARN_INT_CONVERSION = YES;
				CLANG_WARN_NON_LITERAL_NULL_CONVERSION = YES;
				CLANG_WARN_OBJC_IMPLICIT_RETAIN_SELF = YES;
				CLANG_WARN_OBJC_LITERAL_CONVERSION = YES;
				CLANG_WARN_OBJC_ROOT_CLASS = YES_ERROR;
				CLANG_WARN_RANGE_LOOP_ANALYSIS = YES;
				CLANG_WARN_STRICT_PROTOTYPES = YES;
				CLANG_WARN_SUSPICIOUS_MOVE = YES;
				CLANG_WARN_UNGUARDED_AVAILABILITY = YES_AGGRESSIVE;
				CLANG_WARN_UNREACHABLE_CODE = YES;
				CLANG_WARN__DUPLICATE_METHOD_MATCH = YES;
				CODE_SIGN_IDENTITY = "iPhone Developer";
				COPY_PHASE_STRIP = NO;
				DEBUG_INFORMATION_FORMAT = dwarf;
				ENABLE_STRICT_OBJC_MSGSEND = YES;
				ENABLE_TESTABILITY = YES;
				GCC_C_LANGUAGE_STANDARD = gnu11;
				GCC_DYNAMIC_NO_PIC = NO;
				GCC_NO_COMMON_BLOCKS = YES;
				GCC_OPTIMIZATION_LEVEL = 0;
				GCC_PREPROCESSOR_DEFINITIONS = (
					"DEBUG=1",
					"$(inherited)",
				);
				GCC_WARN_64_TO_32_BIT_CONVERSION = YES;
				GCC_WARN_ABOUT_RETURN_TYPE = YES_ERROR;
				GCC_WARN_UNDECLARED_SELECTOR = YES;
				GCC_WARN_UNINITIALIZED_AUTOS = YES_AGGRESSIVE;
				GCC_WARN_UNUSED_FUNCTION = YES;
				GCC_WARN_UNUSED_VARIABLE = YES;
				IPHONEOS_DEPLOYMENT_TARGET = 11.2;
				MTL_ENABLE_DEBUG_INFO = YES;
				ONLY_ACTIVE_ARCH = YES;
				SDKROOT = iphoneos;
				SWIFT_ACTIVE_COMPILATION_CONDITIONS = DEBUG;
				SWIFT_OPTIMIZATION_LEVEL = "-Onone";
			};
			name = Debug;
		};
		2C00616021FC964500BC9733 /* Release */ = {
			isa = XCBuildConfiguration;
			buildSettings = {
				ALWAYS_SEARCH_USER_PATHS = NO;
				CLANG_ANALYZER_NONNULL = YES;
				CLANG_ANALYZER_NUMBER_OBJECT_CONVERSION = YES_AGGRESSIVE;
				CLANG_CXX_LANGUAGE_STANDARD = "gnu++14";
				CLANG_CXX_LIBRARY = "libc++";
				CLANG_ENABLE_MODULES = YES;
				CLANG_ENABLE_OBJC_ARC = YES;
				CLANG_WARN_BLOCK_CAPTURE_AUTORELEASING = YES;
				CLANG_WARN_BOOL_CONVERSION = YES;
				CLANG_WARN_COMMA = YES;
				CLANG_WARN_CONSTANT_CONVERSION = YES;
				CLANG_WARN_DEPRECATED_OBJC_IMPLEMENTATIONS = YES;
				CLANG_WARN_DIRECT_OBJC_ISA_USAGE = YES_ERROR;
				CLANG_WARN_DOCUMENTATION_COMMENTS = YES;
				CLANG_WARN_EMPTY_BODY = YES;
				CLANG_WARN_ENUM_CONVERSION = YES;
				CLANG_WARN_INFINITE_RECURSION = YES;
				CLANG_WARN_INT_CONVERSION = YES;
				CLANG_WARN_NON_LITERAL_NULL_CONVERSION = YES;
				CLANG_WARN_OBJC_IMPLICIT_RETAIN_SELF = YES;
				CLANG_WARN_OBJC_LITERAL_CONVERSION = YES;
				CLANG_WARN_OBJC_ROOT_CLASS = YES_ERROR;
				CLANG_WARN_RANGE_LOOP_ANALYSIS = YES;
				CLANG_WARN_STRICT_PROTOTYPES = YES;
				CLANG_WARN_SUSPICIOUS_MOVE = YES;
				CLANG_WARN_UNGUARDED_AVAILABILITY = YES_AGGRESSIVE;
				CLANG_WARN_UNREACHABLE_CODE = YES;
				CLANG_WARN__DUPLICATE_METHOD_MATCH = YES;
				CODE_SIGN_IDENTITY = "iPhone Developer";
				COPY_PHASE_STRIP = NO;
				DEBUG_INFORMATION_FORMAT = "dwarf-with-dsym";
				ENABLE_NS_ASSERTIONS = NO;
				ENABLE_STRICT_OBJC_MSGSEND = YES;
				GCC_C_LANGUAGE_STANDARD = gnu11;
				GCC_NO_COMMON_BLOCKS = YES;
				GCC_WARN_64_TO_32_BIT_CONVERSION = YES;
				GCC_WARN_ABOUT_RETURN_TYPE = YES_ERROR;
				GCC_WARN_UNDECLARED_SELECTOR = YES;
				GCC_WARN_UNINITIALIZED_AUTOS = YES_AGGRESSIVE;
				GCC_WARN_UNUSED_FUNCTION = YES;
				GCC_WARN_UNUSED_VARIABLE = YES;
				IPHONEOS_DEPLOYMENT_TARGET = 11.2;
				MTL_ENABLE_DEBUG_INFO = NO;
				SDKROOT = iphoneos;
				SWIFT_OPTIMIZATION_LEVEL = "-Owholemodule";
				VALIDATE_PRODUCT = YES;
			};
			name = Release;
		};
		2C00616221FC964500BC9733 /* Debug */ = {
			isa = XCBuildConfiguration;
			baseConfigurationReference = 9020E7BC183B26C390148735 /* Pods-D09.debug.xcconfig */;
			buildSettings = {
				ASSETCATALOG_COMPILER_APPICON_NAME = AppIcon;
				CODE_SIGN_STYLE = Automatic;
				INFOPLIST_FILE = D09/Info.plist;
				LD_RUNPATH_SEARCH_PATHS = "$(inherited) @executable_path/Frameworks";
				PRODUCT_BUNDLE_IDENTIFIER = afesyk.D09;
				PRODUCT_NAME = "$(TARGET_NAME)";
				SWIFT_VERSION = 4.2;
				TARGETED_DEVICE_FAMILY = "1,2";
			};
			name = Debug;
		};
		2C00616321FC964500BC9733 /* Release */ = {
			isa = XCBuildConfiguration;
			baseConfigurationReference = 60B579C9ACF954899B7C2671 /* Pods-D09.release.xcconfig */;
			buildSettings = {
				ASSETCATALOG_COMPILER_APPICON_NAME = AppIcon;
				CODE_SIGN_STYLE = Automatic;
				INFOPLIST_FILE = D09/Info.plist;
				LD_RUNPATH_SEARCH_PATHS = "$(inherited) @executable_path/Frameworks";
				PRODUCT_BUNDLE_IDENTIFIER = afesyk.D09;
				PRODUCT_NAME = "$(TARGET_NAME)";
				SWIFT_VERSION = 4.2;
				TARGETED_DEVICE_FAMILY = "1,2";
			};
			name = Release;
		};
/* End XCBuildConfiguration section */

/* Begin XCConfigurationList section */
		2C00614821FC964500BC9733 /* Build configuration list for PBXProject "D09" */ = {
			isa = XCConfigurationList;
			buildConfigurations = (
				2C00615F21FC964500BC9733 /* Debug */,
				2C00616021FC964500BC9733 /* Release */,
			);
			defaultConfigurationIsVisible = 0;
			defaultConfigurationName = Release;
		};
		2C00616121FC964500BC9733 /* Build configuration list for PBXNativeTarget "D09" */ = {
			isa = XCConfigurationList;
			buildConfigurations = (
				2C00616221FC964500BC9733 /* Debug */,
				2C00616321FC964500BC9733 /* Release */,
			);
			defaultConfigurationIsVisible = 0;
			defaultConfigurationName = Release;
		};
/* End XCConfigurationList section */
	};
	rootObject = 2C00614521FC964500BC9733 /* Project object */;
}
